
Microsoft Visual Studio Solution File, Format Version 12.00
# Visual Studio Version 17
VisualStudioVersion = 17.4.33213.308
MinimumVisualStudioVersion = 10.0.40219.1
Project("{9A19103F-16F7-4668-BE54-9A1E7A4F7556}") = "Web-Api", "Lesson_1\Web-Api.csproj", "{2BBFD65F-1E27-4E3F-A126-EEF7C5B34123}"
EndProject
Project("{FAE04EC0-301F-11D3-BF4B-00C04F79EFBC}") = "Repositories", "Repositories\Repositories.csproj", "{A19609F6-F0C2-4833-9204-F51150AD99E3}"
EndProject
Project("{FAE04EC0-301F-11D3-BF4B-00C04F79EFBC}") = "Services", "Services\Services.csproj", "{C88C7FF4-AACF-49E0-AA82-EBB9AF1C797A}"
EndProject
Project("{FAE04EC0-301F-11D3-BF4B-00C04F79EFBC}") = "Entities", "Entities\Entities.csproj", "{E1953B72-97AB-470F-AE5F-053A3CE6D1FA}"
EndProject
Global
	GlobalSection(SolutionConfigurationPlatforms) = preSolution
		Debug|Any CPU = Debug|Any CPU
		Release|Any CPU = Release|Any CPU
	EndGlobalSection
	GlobalSection(ProjectConfigurationPlatforms) = postSolution
		{2BBFD65F-1E27-4E3F-A126-EEF7C5B34123}.Debug|Any CPU.ActiveCfg = Debug|Any CPU
		{2BBFD65F-1E27-4E3F-A126-EEF7C5B34123}.Debug|Any CPU.Build.0 = Debug|Any CPU
		{2BBFD65F-1E27-4E3F-A126-EEF7C5B34123}.Release|Any CPU.ActiveCfg = Release|Any CPU
		{2BBFD65F-1E27-4E3F-A126-EEF7C5B34123}.Release|Any CPU.Build.0 = Release|Any CPU
		{A19609F6-F0C2-4833-9204-F51150AD99E3}.Debug|Any CPU.ActiveCfg = Debug|Any CPU
		{A19609F6-F0C2-4833-9204-F51150AD99E3}.Debug|Any CPU.Build.0 = Debug|Any CPU
		{A19609F6-F0C2-4833-9204-F51150AD99E3}.Release|Any CPU.ActiveCfg = Release|Any CPU
		{A19609F6-F0C2-4833-9204-F51150AD99E3}.Release|Any CPU.Build.0 = Release|Any CPU
		{C88C7FF4-AACF-49E0-AA82-EBB9AF1C797A}.Debug|Any CPU.ActiveCfg = Debug|Any CPU
		{C88C7FF4-AACF-49E0-AA82-EBB9AF1C797A}.Debug|Any CPU.Build.0 = Debug|Any CPU
		{C88C7FF4-AACF-49E0-AA82-EBB9AF1C797A}.Release|Any CPU.ActiveCfg = Release|Any CPU
		{C88C7FF4-AACF-49E0-AA82-EBB9AF1C797A}.Release|Any CPU.Build.0 = Release|Any CPU
		{E1953B72-97AB-470F-AE5F-053A3CE6D1FA}.Debug|Any CPU.ActiveCfg = Debug|Any CPU
		{E1953B72-97AB-470F-AE5F-053A3CE6D1FA}.Debug|Any CPU.Build.0 = Debug|Any CPU
		{E1953B72-97AB-470F-AE5F-053A3CE6D1FA}.Release|Any CPU.ActiveCfg = Release|Any CPU
		{E1953B72-97AB-470F-AE5F-053A3CE6D1FA}.Release|Any CPU.Build.0 = Release|Any CPU
	EndGlobalSection
	GlobalSection(SolutionProperties) = preSolution
		HideSolutionNode = FALSE
	EndGlobalSection
	GlobalSection(ExtensibilityGlobals) = postSolution
		SolutionGuid = {FA7E04E7-AD80-446C-9F3A-B6D2496BF70F}
	EndGlobalSection
EndGlobal
